# This file is autogenerated, do not edit; changes may be undone by the next 'dep ensure'.


[[projects]]
  branch = "master"
  digest = "1:07e2f9e64e1863a1f1e8f9087984ed3358ea68066667a82deac146296d6d4476"
  name = "github.com/GehirnInc/crypt"
  packages = [
    ".",
    "common",
    "internal",
    "md5_crypt",
    "sha256_crypt",
    "sha512_crypt",
  ]
  pruneopts = "UT"
  revision = "6c0105aabd460ae06c87afeb5a47c869f6a7557e"

[[projects]]
  branch = "master"
  digest = "1:9d5b5d543996dd584da1db1e0de1926f3e4c3a8dba0fa2f8db70f3ebee2342e0"
  name = "golang.org/x/crypto"
  packages = [
    "bcrypt",
    "blowfish",
  ]
  pruneopts = "UT"
  revision = "b7391e95e576cacdcdd422573063bc057239113d"

[solve-meta]
  analyzer-name = "dep"
  analyzer-version = 1
  input-imports = [
    "github.com/GehirnInc/crypt",
    "github.com/GehirnInc/crypt/md5_crypt",
    "github.com/GehirnInc/crypt/sha256_crypt",
    "github.com/GehirnInc/crypt/sha512_crypt",
    "golang.org/x/crypto/bcrypt",
  ]
  solver-name = "gps-cdcl"
  solver-version = 1
